
Microsoft Visual Studio Solution File, Format Version 11.00
# Visual Studio 2010
Project("{FAE04EC0-301F-11D3-BF4B-00C04F79EFBC}") = "Ugoria.URBD.CentralService", "Ugoria.URBD.CentralService\Ugoria.URBD.CentralService.csproj", "{F765B242-D09B-49F5-A97B-433F547287A5}"
EndProject
Project("{FAE04EC0-301F-11D3-BF4B-00C04F79EFBC}") = "Ugoria.URBD.Contracts", "Ugoria.URBD.Contracts\Ugoria.URBD.Contracts.csproj", "{6664F405-F93C-468D-BEC5-954A2D18249A}"
EndProject
Project("{FAE04EC0-301F-11D3-BF4B-00C04F79EFBC}") = "Ugoria.URBD.RemoteService", "Ugoria.URBD.RemoteService\Ugoria.URBD.RemoteService.csproj", "{A621FB4F-02E8-4A84-8E8F-17E2D4FADD4A}"
EndProject
Project("{FAE04EC0-301F-11D3-BF4B-00C04F79EFBC}") = "Ugoria.URBD.DataProvider", "Ugoria.URBD.DataProvider\Ugoria.URBD.DataProvider.csproj", "{A51753D0-4E39-4116-9AD6-A184951797E6}"
EndProject
Project("{FAE04EC0-301F-11D3-BF4B-00C04F79EFBC}") = "Ugoria.URBD.Shared", "Ugoria.URBD.Shared\Ugoria.URBD.Shared.csproj", "{AF9627CB-EB12-44AC-98DE-7F78CE8D60F8}"
EndProject
Project("{FAE04EC0-301F-11D3-BF4B-00C04F79EFBC}") = "Ugoria.URBD.WebControl", "Ugoria.URBD.WebControl\Ugoria.URBD.WebControl.csproj", "{DFDFFDD9-D36C-4D70-A963-E168228CA9B3}"
EndProject
Project("{FAE04EC0-301F-11D3-BF4B-00C04F79EFBC}") = "Ugoria.URBD.CentralConsoleProgram", "Ugoria.URBD.CentralConsoleProgram\Ugoria.URBD.CentralConsoleProgram.csproj", "{D72703AC-4387-49EA-99D8-9046CE9E0595}"
EndProject
Project("{FAE04EC0-301F-11D3-BF4B-00C04F79EFBC}") = "Ugoria.URBD.RemoteConsoleProgram", "Ugoria.URBD.RemoteConsoleProgram\Ugoria.URBD.RemoteConsoleProgram.csproj", "{7ABDD9A6-4FAC-420B-8A3C-9E8B7506FD55}"
EndProject
Project("{FAE04EC0-301F-11D3-BF4B-00C04F79EFBC}") = "Ugoria.URBD.CentralWindowsService", "Ugoria.URBD.CentralWindowsService\Ugoria.URBD.CentralWindowsService.csproj", "{DCF3CA07-B033-408A-84AC-A0B58ECAA820}"
EndProject
Project("{FAE04EC0-301F-11D3-BF4B-00C04F79EFBC}") = "Ugoria.URBD.RemoteWindowsService", "Ugoria.URBD.RemoteWindowsService\Ugoria.URBD.RemoteWindowsService.csproj", "{7ED3EE12-7C74-42E4-8ECC-A765B1E6147F}"
EndProject
Project("{2150E333-8FDC-42A3-9474-1A3956D46DE8}") = "ConsoleProgram", "ConsoleProgram", "{66152284-8C50-495F-ACA4-BB39B97C23AB}"
EndProject
Project("{2150E333-8FDC-42A3-9474-1A3956D46DE8}") = "ServiceProgram", "ServiceProgram", "{250FB9B2-BA78-4D59-AD02-A6CFC386E867}"
EndProject
Project("{2150E333-8FDC-42A3-9474-1A3956D46DE8}") = "URBDSystemComponents", "URBDSystemComponents", "{46775794-6136-430D-8802-219570D5A9F2}"
EndProject
Global
	GlobalSection(MercurialSourceControlSolutionProperties) = preSolution
		SolutionIsControlled = True
		SolutionBindings = <Solution Location In Database>
	EndGlobalSection
	GlobalSection(SolutionConfigurationPlatforms) = preSolution
		CD_ROM|Any CPU = CD_ROM|Any CPU
		CD_ROM|Mixed Platforms = CD_ROM|Mixed Platforms
		CD_ROM|x86 = CD_ROM|x86
		Debug|Any CPU = Debug|Any CPU
		Debug|Mixed Platforms = Debug|Mixed Platforms
		Debug|x86 = Debug|x86
		DVD-5|Any CPU = DVD-5|Any CPU
		DVD-5|Mixed Platforms = DVD-5|Mixed Platforms
		DVD-5|x86 = DVD-5|x86
		Release|Any CPU = Release|Any CPU
		Release|Mixed Platforms = Release|Mixed Platforms
		Release|x86 = Release|x86
		SingleImage|Any CPU = SingleImage|Any CPU
		SingleImage|Mixed Platforms = SingleImage|Mixed Platforms
		SingleImage|x86 = SingleImage|x86
		Web|Any CPU = Web|Any CPU
		Web|Mixed Platforms = Web|Mixed Platforms
		Web|x86 = Web|x86
	EndGlobalSection
	GlobalSection(ProjectConfigurationPlatforms) = postSolution
		{F765B242-D09B-49F5-A97B-433F547287A5}.CD_ROM|Any CPU.ActiveCfg = Web|x86
		{F765B242-D09B-49F5-A97B-433F547287A5}.CD_ROM|Mixed Platforms.ActiveCfg = Web|x86
		{F765B242-D09B-49F5-A97B-433F547287A5}.CD_ROM|Mixed Platforms.Build.0 = Web|x86
		{F765B242-D09B-49F5-A97B-433F547287A5}.CD_ROM|x86.ActiveCfg = Web|x86
		{F765B242-D09B-49F5-A97B-433F547287A5}.CD_ROM|x86.Build.0 = Web|x86
		{F765B242-D09B-49F5-A97B-433F547287A5}.Debug|Any CPU.ActiveCfg = Debug|x86
		{F765B242-D09B-49F5-A97B-433F547287A5}.Debug|Any CPU.Build.0 = Debug|x86
		{F765B242-D09B-49F5-A97B-433F547287A5}.Debug|Mixed Platforms.ActiveCfg = Debug|x86
		{F765B242-D09B-49F5-A97B-433F547287A5}.Debug|Mixed Platforms.Build.0 = Debug|x86
		{F765B242-D09B-49F5-A97B-433F547287A5}.Debug|x86.ActiveCfg = Debug|x86
		{F765B242-D09B-49F5-A97B-433F547287A5}.Debug|x86.Build.0 = Debug|x86
		{F765B242-D09B-49F5-A97B-433F547287A5}.DVD-5|Any CPU.ActiveCfg = Debug|x86
		{F765B242-D09B-49F5-A97B-433F547287A5}.DVD-5|Mixed Platforms.ActiveCfg = Debug|x86
		{F765B242-D09B-49F5-A97B-433F547287A5}.DVD-5|Mixed Platforms.Build.0 = Debug|x86
		{F765B242-D09B-49F5-A97B-433F547287A5}.DVD-5|x86.ActiveCfg = Debug|x86
		{F765B242-D09B-49F5-A97B-433F547287A5}.DVD-5|x86.Build.0 = Debug|x86
		{F765B242-D09B-49F5-A97B-433F547287A5}.Release|Any CPU.ActiveCfg = Release|x86
		{F765B242-D09B-49F5-A97B-433F547287A5}.Release|Any CPU.Build.0 = Release|x86
		{F765B242-D09B-49F5-A97B-433F547287A5}.Release|Mixed Platforms.ActiveCfg = Release|x86
		{F765B242-D09B-49F5-A97B-433F547287A5}.Release|Mixed Platforms.Build.0 = Release|x86
		{F765B242-D09B-49F5-A97B-433F547287A5}.Release|x86.ActiveCfg = Release|x86
		{F765B242-D09B-49F5-A97B-433F547287A5}.Release|x86.Build.0 = Release|x86
		{F765B242-D09B-49F5-A97B-433F547287A5}.SingleImage|Any CPU.ActiveCfg = Web|x86
		{F765B242-D09B-49F5-A97B-433F547287A5}.SingleImage|Mixed Platforms.ActiveCfg = Web|x86
		{F765B242-D09B-49F5-A97B-433F547287A5}.SingleImage|Mixed Platforms.Build.0 = Web|x86
		{F765B242-D09B-49F5-A97B-433F547287A5}.SingleImage|x86.ActiveCfg = Web|x86
		{F765B242-D09B-49F5-A97B-433F547287A5}.SingleImage|x86.Build.0 = Web|x86
		{F765B242-D09B-49F5-A97B-433F547287A5}.Web|Any CPU.ActiveCfg = Web|x86
		{F765B242-D09B-49F5-A97B-433F547287A5}.Web|Mixed Platforms.ActiveCfg = Web|x86
		{F765B242-D09B-49F5-A97B-433F547287A5}.Web|Mixed Platforms.Build.0 = Web|x86
		{F765B242-D09B-49F5-A97B-433F547287A5}.Web|x86.ActiveCfg = Web|x86
		{F765B242-D09B-49F5-A97B-433F547287A5}.Web|x86.Build.0 = Web|x86
		{6664F405-F93C-468D-BEC5-954A2D18249A}.CD_ROM|Any CPU.ActiveCfg = Web|Any CPU
		{6664F405-F93C-468D-BEC5-954A2D18249A}.CD_ROM|Any CPU.Build.0 = Web|Any CPU
		{6664F405-F93C-468D-BEC5-954A2D18249A}.CD_ROM|Mixed Platforms.ActiveCfg = Web|Any CPU
		{6664F405-F93C-468D-BEC5-954A2D18249A}.CD_ROM|Mixed Platforms.Build.0 = Web|Any CPU
		{6664F405-F93C-468D-BEC5-954A2D18249A}.CD_ROM|x86.ActiveCfg = Web|Any CPU
		{6664F405-F93C-468D-BEC5-954A2D18249A}.Debug|Any CPU.ActiveCfg = Debug|Any CPU
		{6664F405-F93C-468D-BEC5-954A2D18249A}.Debug|Any CPU.Build.0 = Debug|Any CPU
		{6664F405-F93C-468D-BEC5-954A2D18249A}.Debug|Mixed Platforms.ActiveCfg = Debug|Any CPU
		{6664F405-F93C-468D-BEC5-954A2D18249A}.Debug|Mixed Platforms.Build.0 = Debug|Any CPU
		{6664F405-F93C-468D-BEC5-954A2D18249A}.Debug|x86.ActiveCfg = Debug|Any CPU
		{6664F405-F93C-468D-BEC5-954A2D18249A}.DVD-5|Any CPU.ActiveCfg = Debug|Any CPU
		{6664F405-F93C-468D-BEC5-954A2D18249A}.DVD-5|Any CPU.Build.0 = Debug|Any CPU
		{6664F405-F93C-468D-BEC5-954A2D18249A}.DVD-5|Mixed Platforms.ActiveCfg = Debug|Any CPU
		{6664F405-F93C-468D-BEC5-954A2D18249A}.DVD-5|Mixed Platforms.Build.0 = Debug|Any CPU
		{6664F405-F93C-468D-BEC5-954A2D18249A}.DVD-5|x86.ActiveCfg = Debug|Any CPU
		{6664F405-F93C-468D-BEC5-954A2D18249A}.Release|Any CPU.ActiveCfg = Release|Any CPU
		{6664F405-F93C-468D-BEC5-954A2D18249A}.Release|Any CPU.Build.0 = Release|Any CPU
		{6664F405-F93C-468D-BEC5-954A2D18249A}.Release|Mixed Platforms.ActiveCfg = Release|Any CPU
		{6664F405-F93C-468D-BEC5-954A2D18249A}.Release|Mixed Platforms.Build.0 = Release|Any CPU
		{6664F405-F93C-468D-BEC5-954A2D18249A}.Release|x86.ActiveCfg = Release|Any CPU
		{6664F405-F93C-468D-BEC5-954A2D18249A}.SingleImage|Any CPU.ActiveCfg = Web|Any CPU
		{6664F405-F93C-468D-BEC5-954A2D18249A}.SingleImage|Any CPU.Build.0 = Web|Any CPU
		{6664F405-F93C-468D-BEC5-954A2D18249A}.SingleImage|Mixed Platforms.ActiveCfg = Web|Any CPU
		{6664F405-F93C-468D-BEC5-954A2D18249A}.SingleImage|Mixed Platforms.Build.0 = Web|Any CPU
		{6664F405-F93C-468D-BEC5-954A2D18249A}.SingleImage|x86.ActiveCfg = Web|Any CPU
		{6664F405-F93C-468D-BEC5-954A2D18249A}.Web|Any CPU.ActiveCfg = Web|Any CPU
		{6664F405-F93C-468D-BEC5-954A2D18249A}.Web|Any CPU.Build.0 = Web|Any CPU
		{6664F405-F93C-468D-BEC5-954A2D18249A}.Web|Mixed Platforms.ActiveCfg = Web|Any CPU
		{6664F405-F93C-468D-BEC5-954A2D18249A}.Web|Mixed Platforms.Build.0 = Web|Any CPU
		{6664F405-F93C-468D-BEC5-954A2D18249A}.Web|x86.ActiveCfg = Web|Any CPU
		{A621FB4F-02E8-4A84-8E8F-17E2D4FADD4A}.CD_ROM|Any CPU.ActiveCfg = Web|x86
		{A621FB4F-02E8-4A84-8E8F-17E2D4FADD4A}.CD_ROM|Mixed Platforms.ActiveCfg = Web|x86
		{A621FB4F-02E8-4A84-8E8F-17E2D4FADD4A}.CD_ROM|Mixed Platforms.Build.0 = Web|x86
		{A621FB4F-02E8-4A84-8E8F-17E2D4FADD4A}.CD_ROM|x86.ActiveCfg = Web|x86
		{A621FB4F-02E8-4A84-8E8F-17E2D4FADD4A}.CD_ROM|x86.Build.0 = Web|x86
		{A621FB4F-02E8-4A84-8E8F-17E2D4FADD4A}.Debug|Any CPU.ActiveCfg = Debug|x86
		{A621FB4F-02E8-4A84-8E8F-17E2D4FADD4A}.Debug|Any CPU.Build.0 = Debug|x86
		{A621FB4F-02E8-4A84-8E8F-17E2D4FADD4A}.Debug|Mixed Platforms.ActiveCfg = Debug|x86
		{A621FB4F-02E8-4A84-8E8F-17E2D4FADD4A}.Debug|Mixed Platforms.Build.0 = Debug|x86
		{A621FB4F-02E8-4A84-8E8F-17E2D4FADD4A}.Debug|x86.ActiveCfg = Debug|x86
		{A621FB4F-02E8-4A84-8E8F-17E2D4FADD4A}.Debug|x86.Build.0 = Debug|x86
		{A621FB4F-02E8-4A84-8E8F-17E2D4FADD4A}.DVD-5|Any CPU.ActiveCfg = Debug|x86
		{A621FB4F-02E8-4A84-8E8F-17E2D4FADD4A}.DVD-5|Mixed Platforms.ActiveCfg = Debug|x86
		{A621FB4F-02E8-4A84-8E8F-17E2D4FADD4A}.DVD-5|Mixed Platforms.Build.0 = Debug|x86
		{A621FB4F-02E8-4A84-8E8F-17E2D4FADD4A}.DVD-5|x86.ActiveCfg = Debug|x86
		{A621FB4F-02E8-4A84-8E8F-17E2D4FADD4A}.DVD-5|x86.Build.0 = Debug|x86
		{A621FB4F-02E8-4A84-8E8F-17E2D4FADD4A}.Release|Any CPU.ActiveCfg = Release|x86
		{A621FB4F-02E8-4A84-8E8F-17E2D4FADD4A}.Release|Any CPU.Build.0 = Release|x86
		{A621FB4F-02E8-4A84-8E8F-17E2D4FADD4A}.Release|Mixed Platforms.ActiveCfg = Release|x86
		{A621FB4F-02E8-4A84-8E8F-17E2D4FADD4A}.Release|Mixed Platforms.Build.0 = Release|x86
		{A621FB4F-02E8-4A84-8E8F-17E2D4FADD4A}.Release|x86.ActiveCfg = Release|x86
		{A621FB4F-02E8-4A84-8E8F-17E2D4FADD4A}.Release|x86.Build.0 = Release|x86
		{A621FB4F-02E8-4A84-8E8F-17E2D4FADD4A}.SingleImage|Any CPU.ActiveCfg = Web|x86
		{A621FB4F-02E8-4A84-8E8F-17E2D4FADD4A}.SingleImage|Mixed Platforms.ActiveCfg = Web|x86
		{A621FB4F-02E8-4A84-8E8F-17E2D4FADD4A}.SingleImage|Mixed Platforms.Build.0 = Web|x86
		{A621FB4F-02E8-4A84-8E8F-17E2D4FADD4A}.SingleImage|x86.ActiveCfg = Web|x86
		{A621FB4F-02E8-4A84-8E8F-17E2D4FADD4A}.SingleImage|x86.Build.0 = Web|x86
		{A621FB4F-02E8-4A84-8E8F-17E2D4FADD4A}.Web|Any CPU.ActiveCfg = Web|x86
		{A621FB4F-02E8-4A84-8E8F-17E2D4FADD4A}.Web|Mixed Platforms.ActiveCfg = Web|x86
		{A621FB4F-02E8-4A84-8E8F-17E2D4FADD4A}.Web|Mixed Platforms.Build.0 = Web|x86
		{A621FB4F-02E8-4A84-8E8F-17E2D4FADD4A}.Web|x86.ActiveCfg = Web|x86
		{A621FB4F-02E8-4A84-8E8F-17E2D4FADD4A}.Web|x86.Build.0 = Web|x86
		{A51753D0-4E39-4116-9AD6-A184951797E6}.CD_ROM|Any CPU.ActiveCfg = Web|x86
		{A51753D0-4E39-4116-9AD6-A184951797E6}.CD_ROM|Mixed Platforms.ActiveCfg = Web|x86
		{A51753D0-4E39-4116-9AD6-A184951797E6}.CD_ROM|Mixed Platforms.Build.0 = Web|x86
		{A51753D0-4E39-4116-9AD6-A184951797E6}.CD_ROM|x86.ActiveCfg = Web|x86
		{A51753D0-4E39-4116-9AD6-A184951797E6}.CD_ROM|x86.Build.0 = Web|x86
		{A51753D0-4E39-4116-9AD6-A184951797E6}.Debug|Any CPU.ActiveCfg = Debug|x86
		{A51753D0-4E39-4116-9AD6-A184951797E6}.Debug|Any CPU.Build.0 = Debug|x86
		{A51753D0-4E39-4116-9AD6-A184951797E6}.Debug|Mixed Platforms.ActiveCfg = Debug|x86
		{A51753D0-4E39-4116-9AD6-A184951797E6}.Debug|Mixed Platforms.Build.0 = Debug|x86
		{A51753D0-4E39-4116-9AD6-A184951797E6}.Debug|x86.ActiveCfg = Debug|x86
		{A51753D0-4E39-4116-9AD6-A184951797E6}.Debug|x86.Build.0 = Debug|x86
		{A51753D0-4E39-4116-9AD6-A184951797E6}.DVD-5|Any CPU.ActiveCfg = Debug|x86
		{A51753D0-4E39-4116-9AD6-A184951797E6}.DVD-5|Mixed Platforms.ActiveCfg = Debug|x86
		{A51753D0-4E39-4116-9AD6-A184951797E6}.DVD-5|Mixed Platforms.Build.0 = Debug|x86
		{A51753D0-4E39-4116-9AD6-A184951797E6}.DVD-5|x86.ActiveCfg = Debug|x86
		{A51753D0-4E39-4116-9AD6-A184951797E6}.DVD-5|x86.Build.0 = Debug|x86
		{A51753D0-4E39-4116-9AD6-A184951797E6}.Release|Any CPU.ActiveCfg = Release|x86
		{A51753D0-4E39-4116-9AD6-A184951797E6}.Release|Any CPU.Build.0 = Release|x86
		{A51753D0-4E39-4116-9AD6-A184951797E6}.Release|Mixed Platforms.ActiveCfg = Release|x86
		{A51753D0-4E39-4116-9AD6-A184951797E6}.Release|Mixed Platforms.Build.0 = Release|x86
		{A51753D0-4E39-4116-9AD6-A184951797E6}.Release|x86.ActiveCfg = Release|x86
		{A51753D0-4E39-4116-9AD6-A184951797E6}.Release|x86.Build.0 = Release|x86
		{A51753D0-4E39-4116-9AD6-A184951797E6}.SingleImage|Any CPU.ActiveCfg = Web|x86
		{A51753D0-4E39-4116-9AD6-A184951797E6}.SingleImage|Mixed Platforms.ActiveCfg = Web|x86
		{A51753D0-4E39-4116-9AD6-A184951797E6}.SingleImage|Mixed Platforms.Build.0 = Web|x86
		{A51753D0-4E39-4116-9AD6-A184951797E6}.SingleImage|x86.ActiveCfg = Web|x86
		{A51753D0-4E39-4116-9AD6-A184951797E6}.SingleImage|x86.Build.0 = Web|x86
		{A51753D0-4E39-4116-9AD6-A184951797E6}.Web|Any CPU.ActiveCfg = Web|x86
		{A51753D0-4E39-4116-9AD6-A184951797E6}.Web|Mixed Platforms.ActiveCfg = Web|x86
		{A51753D0-4E39-4116-9AD6-A184951797E6}.Web|Mixed Platforms.Build.0 = Web|x86
		{A51753D0-4E39-4116-9AD6-A184951797E6}.Web|x86.ActiveCfg = Web|x86
		{A51753D0-4E39-4116-9AD6-A184951797E6}.Web|x86.Build.0 = Web|x86
		{AF9627CB-EB12-44AC-98DE-7F78CE8D60F8}.CD_ROM|Any CPU.ActiveCfg = Web|x86
		{AF9627CB-EB12-44AC-98DE-7F78CE8D60F8}.CD_ROM|Mixed Platforms.ActiveCfg = Web|x86
		{AF9627CB-EB12-44AC-98DE-7F78CE8D60F8}.CD_ROM|Mixed Platforms.Build.0 = Web|x86
		{AF9627CB-EB12-44AC-98DE-7F78CE8D60F8}.CD_ROM|x86.ActiveCfg = Web|x86
		{AF9627CB-EB12-44AC-98DE-7F78CE8D60F8}.CD_ROM|x86.Build.0 = Web|x86
		{AF9627CB-EB12-44AC-98DE-7F78CE8D60F8}.Debug|Any CPU.ActiveCfg = Debug|x86
		{AF9627CB-EB12-44AC-98DE-7F78CE8D60F8}.Debug|Any CPU.Build.0 = Debug|x86
		{AF9627CB-EB12-44AC-98DE-7F78CE8D60F8}.Debug|Mixed Platforms.ActiveCfg = Debug|x86
		{AF9627CB-EB12-44AC-98DE-7F78CE8D60F8}.Debug|Mixed Platforms.Build.0 = Debug|x86
		{AF9627CB-EB12-44AC-98DE-7F78CE8D60F8}.Debug|x86.ActiveCfg = Debug|x86
		{AF9627CB-EB12-44AC-98DE-7F78CE8D60F8}.Debug|x86.Build.0 = Debug|x86
		{AF9627CB-EB12-44AC-98DE-7F78CE8D60F8}.DVD-5|Any CPU.ActiveCfg = Debug|x86
		{AF9627CB-EB12-44AC-98DE-7F78CE8D60F8}.DVD-5|Mixed Platforms.ActiveCfg = Debug|x86
		{AF9627CB-EB12-44AC-98DE-7F78CE8D60F8}.DVD-5|Mixed Platforms.Build.0 = Debug|x86
		{AF9627CB-EB12-44AC-98DE-7F78CE8D60F8}.DVD-5|x86.ActiveCfg = Debug|x86
		{AF9627CB-EB12-44AC-98DE-7F78CE8D60F8}.DVD-5|x86.Build.0 = Debug|x86
		{AF9627CB-EB12-44AC-98DE-7F78CE8D60F8}.Release|Any CPU.ActiveCfg = Release|x86
		{AF9627CB-EB12-44AC-98DE-7F78CE8D60F8}.Release|Any CPU.Build.0 = Release|x86
		{AF9627CB-EB12-44AC-98DE-7F78CE8D60F8}.Release|Mixed Platforms.ActiveCfg = Release|x86
		{AF9627CB-EB12-44AC-98DE-7F78CE8D60F8}.Release|Mixed Platforms.Build.0 = Release|x86
		{AF9627CB-EB12-44AC-98DE-7F78CE8D60F8}.Release|x86.ActiveCfg = Release|x86
		{AF9627CB-EB12-44AC-98DE-7F78CE8D60F8}.Release|x86.Build.0 = Release|x86
		{AF9627CB-EB12-44AC-98DE-7F78CE8D60F8}.SingleImage|Any CPU.ActiveCfg = Web|x86
		{AF9627CB-EB12-44AC-98DE-7F78CE8D60F8}.SingleImage|Mixed Platforms.ActiveCfg = Web|x86
		{AF9627CB-EB12-44AC-98DE-7F78CE8D60F8}.SingleImage|Mixed Platforms.Build.0 = Web|x86
		{AF9627CB-EB12-44AC-98DE-7F78CE8D60F8}.SingleImage|x86.ActiveCfg = Web|x86
		{AF9627CB-EB12-44AC-98DE-7F78CE8D60F8}.SingleImage|x86.Build.0 = Web|x86
		{AF9627CB-EB12-44AC-98DE-7F78CE8D60F8}.Web|Any CPU.ActiveCfg = Web|x86
		{AF9627CB-EB12-44AC-98DE-7F78CE8D60F8}.Web|Mixed Platforms.ActiveCfg = Web|x86
		{AF9627CB-EB12-44AC-98DE-7F78CE8D60F8}.Web|Mixed Platforms.Build.0 = Web|x86
		{AF9627CB-EB12-44AC-98DE-7F78CE8D60F8}.Web|x86.ActiveCfg = Web|x86
		{AF9627CB-EB12-44AC-98DE-7F78CE8D60F8}.Web|x86.Build.0 = Web|x86
		{DFDFFDD9-D36C-4D70-A963-E168228CA9B3}.CD_ROM|Any CPU.ActiveCfg = Web|Any CPU
		{DFDFFDD9-D36C-4D70-A963-E168228CA9B3}.CD_ROM|Any CPU.Build.0 = Web|Any CPU
		{DFDFFDD9-D36C-4D70-A963-E168228CA9B3}.CD_ROM|Mixed Platforms.ActiveCfg = Web|Any CPU
		{DFDFFDD9-D36C-4D70-A963-E168228CA9B3}.CD_ROM|Mixed Platforms.Build.0 = Web|Any CPU
		{DFDFFDD9-D36C-4D70-A963-E168228CA9B3}.CD_ROM|x86.ActiveCfg = Web|Any CPU
		{DFDFFDD9-D36C-4D70-A963-E168228CA9B3}.Debug|Any CPU.ActiveCfg = Debug|Any CPU
		{DFDFFDD9-D36C-4D70-A963-E168228CA9B3}.Debug|Any CPU.Build.0 = Debug|Any CPU
		{DFDFFDD9-D36C-4D70-A963-E168228CA9B3}.Debug|Mixed Platforms.ActiveCfg = Debug|Any CPU
		{DFDFFDD9-D36C-4D70-A963-E168228CA9B3}.Debug|Mixed Platforms.Build.0 = Debug|Any CPU
		{DFDFFDD9-D36C-4D70-A963-E168228CA9B3}.Debug|x86.ActiveCfg = Debug|Any CPU
		{DFDFFDD9-D36C-4D70-A963-E168228CA9B3}.DVD-5|Any CPU.ActiveCfg = Debug|Any CPU
		{DFDFFDD9-D36C-4D70-A963-E168228CA9B3}.DVD-5|Any CPU.Build.0 = Debug|Any CPU
		{DFDFFDD9-D36C-4D70-A963-E168228CA9B3}.DVD-5|Mixed Platforms.ActiveCfg = Debug|Any CPU
		{DFDFFDD9-D36C-4D70-A963-E168228CA9B3}.DVD-5|Mixed Platforms.Build.0 = Debug|Any CPU
		{DFDFFDD9-D36C-4D70-A963-E168228CA9B3}.DVD-5|x86.ActiveCfg = Debug|Any CPU
		{DFDFFDD9-D36C-4D70-A963-E168228CA9B3}.Release|Any CPU.ActiveCfg = Release|Any CPU
		{DFDFFDD9-D36C-4D70-A963-E168228CA9B3}.Release|Any CPU.Build.0 = Release|Any CPU
		{DFDFFDD9-D36C-4D70-A963-E168228CA9B3}.Release|Mixed Platforms.ActiveCfg = Release|Any CPU
		{DFDFFDD9-D36C-4D70-A963-E168228CA9B3}.Release|Mixed Platforms.Build.0 = Release|Any CPU
		{DFDFFDD9-D36C-4D70-A963-E168228CA9B3}.Release|x86.ActiveCfg = Release|Any CPU
		{DFDFFDD9-D36C-4D70-A963-E168228CA9B3}.SingleImage|Any CPU.ActiveCfg = Web|Any CPU
		{DFDFFDD9-D36C-4D70-A963-E168228CA9B3}.SingleImage|Any CPU.Build.0 = Web|Any CPU
		{DFDFFDD9-D36C-4D70-A963-E168228CA9B3}.SingleImage|Mixed Platforms.ActiveCfg = Web|Any CPU
		{DFDFFDD9-D36C-4D70-A963-E168228CA9B3}.SingleImage|Mixed Platforms.Build.0 = Web|Any CPU
		{DFDFFDD9-D36C-4D70-A963-E168228CA9B3}.SingleImage|x86.ActiveCfg = Web|Any CPU
		{DFDFFDD9-D36C-4D70-A963-E168228CA9B3}.Web|Any CPU.ActiveCfg = Web|Any CPU
		{DFDFFDD9-D36C-4D70-A963-E168228CA9B3}.Web|Any CPU.Build.0 = Web|Any CPU
		{DFDFFDD9-D36C-4D70-A963-E168228CA9B3}.Web|Mixed Platforms.ActiveCfg = Web|Any CPU
		{DFDFFDD9-D36C-4D70-A963-E168228CA9B3}.Web|Mixed Platforms.Build.0 = Web|Any CPU
		{DFDFFDD9-D36C-4D70-A963-E168228CA9B3}.Web|x86.ActiveCfg = Web|Any CPU
		{D72703AC-4387-49EA-99D8-9046CE9E0595}.CD_ROM|Any CPU.ActiveCfg = Release|x86
		{D72703AC-4387-49EA-99D8-9046CE9E0595}.CD_ROM|Mixed Platforms.ActiveCfg = Release|x86
		{D72703AC-4387-49EA-99D8-9046CE9E0595}.CD_ROM|Mixed Platforms.Build.0 = Release|x86
		{D72703AC-4387-49EA-99D8-9046CE9E0595}.CD_ROM|x86.ActiveCfg = Release|x86
		{D72703AC-4387-49EA-99D8-9046CE9E0595}.CD_ROM|x86.Build.0 = Release|x86
		{D72703AC-4387-49EA-99D8-9046CE9E0595}.Debug|Any CPU.ActiveCfg = Debug|x86
		{D72703AC-4387-49EA-99D8-9046CE9E0595}.Debug|Any CPU.Build.0 = Debug|x86
		{D72703AC-4387-49EA-99D8-9046CE9E0595}.Debug|Mixed Platforms.ActiveCfg = Debug|x86
		{D72703AC-4387-49EA-99D8-9046CE9E0595}.Debug|Mixed Platforms.Build.0 = Debug|x86
		{D72703AC-4387-49EA-99D8-9046CE9E0595}.Debug|x86.ActiveCfg = Debug|x86
		{D72703AC-4387-49EA-99D8-9046CE9E0595}.Debug|x86.Build.0 = Debug|x86
		{D72703AC-4387-49EA-99D8-9046CE9E0595}.DVD-5|Any CPU.ActiveCfg = Debug|x86
		{D72703AC-4387-49EA-99D8-9046CE9E0595}.DVD-5|Mixed Platforms.ActiveCfg = Debug|x86
		{D72703AC-4387-49EA-99D8-9046CE9E0595}.DVD-5|Mixed Platforms.Build.0 = Debug|x86
		{D72703AC-4387-49EA-99D8-9046CE9E0595}.DVD-5|x86.ActiveCfg = Debug|x86
		{D72703AC-4387-49EA-99D8-9046CE9E0595}.DVD-5|x86.Build.0 = Debug|x86
		{D72703AC-4387-49EA-99D8-9046CE9E0595}.Release|Any CPU.ActiveCfg = Release|x86
		{D72703AC-4387-49EA-99D8-9046CE9E0595}.Release|Mixed Platforms.ActiveCfg = Release|x86
		{D72703AC-4387-49EA-99D8-9046CE9E0595}.Release|x86.ActiveCfg = Release|x86
		{D72703AC-4387-49EA-99D8-9046CE9E0595}.Release|x86.Build.0 = Release|x86
		{D72703AC-4387-49EA-99D8-9046CE9E0595}.SingleImage|Any CPU.ActiveCfg = Release|x86
		{D72703AC-4387-49EA-99D8-9046CE9E0595}.SingleImage|Mixed Platforms.ActiveCfg = Release|x86
		{D72703AC-4387-49EA-99D8-9046CE9E0595}.SingleImage|Mixed Platforms.Build.0 = Release|x86
		{D72703AC-4387-49EA-99D8-9046CE9E0595}.SingleImage|x86.ActiveCfg = Release|x86
		{D72703AC-4387-49EA-99D8-9046CE9E0595}.SingleImage|x86.Build.0 = Release|x86
		{D72703AC-4387-49EA-99D8-9046CE9E0595}.Web|Any CPU.ActiveCfg = Release|x86
		{D72703AC-4387-49EA-99D8-9046CE9E0595}.Web|Mixed Platforms.ActiveCfg = Release|x86
		{D72703AC-4387-49EA-99D8-9046CE9E0595}.Web|Mixed Platforms.Build.0 = Release|x86
		{D72703AC-4387-49EA-99D8-9046CE9E0595}.Web|x86.ActiveCfg = Release|x86
		{D72703AC-4387-49EA-99D8-9046CE9E0595}.Web|x86.Build.0 = Release|x86
		{7ABDD9A6-4FAC-420B-8A3C-9E8B7506FD55}.CD_ROM|Any CPU.ActiveCfg = Release|x86
		{7ABDD9A6-4FAC-420B-8A3C-9E8B7506FD55}.CD_ROM|Mixed Platforms.ActiveCfg = Release|x86
		{7ABDD9A6-4FAC-420B-8A3C-9E8B7506FD55}.CD_ROM|Mixed Platforms.Build.0 = Release|x86
		{7ABDD9A6-4FAC-420B-8A3C-9E8B7506FD55}.CD_ROM|x86.ActiveCfg = Release|x86
		{7ABDD9A6-4FAC-420B-8A3C-9E8B7506FD55}.CD_ROM|x86.Build.0 = Release|x86
		{7ABDD9A6-4FAC-420B-8A3C-9E8B7506FD55}.Debug|Any CPU.ActiveCfg = Debug|x86
		{7ABDD9A6-4FAC-420B-8A3C-9E8B7506FD55}.Debug|Any CPU.Build.0 = Debug|x86
		{7ABDD9A6-4FAC-420B-8A3C-9E8B7506FD55}.Debug|Mixed Platforms.ActiveCfg = Debug|x86
		{7ABDD9A6-4FAC-420B-8A3C-9E8B7506FD55}.Debug|Mixed Platforms.Build.0 = Debug|x86
		{7ABDD9A6-4FAC-420B-8A3C-9E8B7506FD55}.Debug|x86.ActiveCfg = Debug|x86
		{7ABDD9A6-4FAC-420B-8A3C-9E8B7506FD55}.Debug|x86.Build.0 = Debug|x86
		{7ABDD9A6-4FAC-420B-8A3C-9E8B7506FD55}.DVD-5|Any CPU.ActiveCfg = Debug|x86
		{7ABDD9A6-4FAC-420B-8A3C-9E8B7506FD55}.DVD-5|Mixed Platforms.ActiveCfg = Debug|x86
		{7ABDD9A6-4FAC-420B-8A3C-9E8B7506FD55}.DVD-5|Mixed Platforms.Build.0 = Debug|x86
		{7ABDD9A6-4FAC-420B-8A3C-9E8B7506FD55}.DVD-5|x86.ActiveCfg = Debug|x86
		{7ABDD9A6-4FAC-420B-8A3C-9E8B7506FD55}.DVD-5|x86.Build.0 = Debug|x86
		{7ABDD9A6-4FAC-420B-8A3C-9E8B7506FD55}.Release|Any CPU.ActiveCfg = Release|x86
		{7ABDD9A6-4FAC-420B-8A3C-9E8B7506FD55}.Release|Mixed Platforms.ActiveCfg = Release|x86
		{7ABDD9A6-4FAC-420B-8A3C-9E8B7506FD55}.Release|x86.ActiveCfg = Release|x86
		{7ABDD9A6-4FAC-420B-8A3C-9E8B7506FD55}.Release|x86.Build.0 = Release|x86
		{7ABDD9A6-4FAC-420B-8A3C-9E8B7506FD55}.SingleImage|Any CPU.ActiveCfg = Release|x86
		{7ABDD9A6-4FAC-420B-8A3C-9E8B7506FD55}.SingleImage|Mixed Platforms.ActiveCfg = Release|x86
		{7ABDD9A6-4FAC-420B-8A3C-9E8B7506FD55}.SingleImage|Mixed Platforms.Build.0 = Release|x86
		{7ABDD9A6-4FAC-420B-8A3C-9E8B7506FD55}.SingleImage|x86.ActiveCfg = Release|x86
		{7ABDD9A6-4FAC-420B-8A3C-9E8B7506FD55}.SingleImage|x86.Build.0 = Release|x86
		{7ABDD9A6-4FAC-420B-8A3C-9E8B7506FD55}.Web|Any CPU.ActiveCfg = Release|x86
		{7ABDD9A6-4FAC-420B-8A3C-9E8B7506FD55}.Web|Mixed Platforms.ActiveCfg = Release|x86
		{7ABDD9A6-4FAC-420B-8A3C-9E8B7506FD55}.Web|Mixed Platforms.Build.0 = Release|x86
		{7ABDD9A6-4FAC-420B-8A3C-9E8B7506FD55}.Web|x86.ActiveCfg = Release|x86
		{7ABDD9A6-4FAC-420B-8A3C-9E8B7506FD55}.Web|x86.Build.0 = Release|x86
		{DCF3CA07-B033-408A-84AC-A0B58ECAA820}.CD_ROM|Any CPU.ActiveCfg = Release|x86
		{DCF3CA07-B033-408A-84AC-A0B58ECAA820}.CD_ROM|Mixed Platforms.ActiveCfg = Release|x86
		{DCF3CA07-B033-408A-84AC-A0B58ECAA820}.CD_ROM|Mixed Platforms.Build.0 = Release|x86
		{DCF3CA07-B033-408A-84AC-A0B58ECAA820}.CD_ROM|x86.ActiveCfg = Release|x86
		{DCF3CA07-B033-408A-84AC-A0B58ECAA820}.CD_ROM|x86.Build.0 = Release|x86
		{DCF3CA07-B033-408A-84AC-A0B58ECAA820}.Debug|Any CPU.ActiveCfg = Debug|x86
		{DCF3CA07-B033-408A-84AC-A0B58ECAA820}.Debug|Mixed Platforms.ActiveCfg = Debug|x86
		{DCF3CA07-B033-408A-84AC-A0B58ECAA820}.Debug|x86.ActiveCfg = Debug|x86
		{DCF3CA07-B033-408A-84AC-A0B58ECAA820}.Debug|x86.Build.0 = Debug|x86
		{DCF3CA07-B033-408A-84AC-A0B58ECAA820}.DVD-5|Any CPU.ActiveCfg = Debug|x86
		{DCF3CA07-B033-408A-84AC-A0B58ECAA820}.DVD-5|Mixed Platforms.ActiveCfg = Debug|x86
		{DCF3CA07-B033-408A-84AC-A0B58ECAA820}.DVD-5|Mixed Platforms.Build.0 = Debug|x86
		{DCF3CA07-B033-408A-84AC-A0B58ECAA820}.DVD-5|x86.ActiveCfg = Debug|x86
		{DCF3CA07-B033-408A-84AC-A0B58ECAA820}.DVD-5|x86.Build.0 = Debug|x86
		{DCF3CA07-B033-408A-84AC-A0B58ECAA820}.Release|Any CPU.ActiveCfg = Release|x86
		{DCF3CA07-B033-408A-84AC-A0B58ECAA820}.Release|Any CPU.Build.0 = Release|x86
		{DCF3CA07-B033-408A-84AC-A0B58ECAA820}.Release|Mixed Platforms.ActiveCfg = Release|x86
		{DCF3CA07-B033-408A-84AC-A0B58ECAA820}.Release|Mixed Platforms.Build.0 = Release|x86
		{DCF3CA07-B033-408A-84AC-A0B58ECAA820}.Release|x86.ActiveCfg = Release|x86
		{DCF3CA07-B033-408A-84AC-A0B58ECAA820}.Release|x86.Build.0 = Release|x86
		{DCF3CA07-B033-408A-84AC-A0B58ECAA820}.SingleImage|Any CPU.ActiveCfg = Release|x86
		{DCF3CA07-B033-408A-84AC-A0B58ECAA820}.SingleImage|Mixed Platforms.ActiveCfg = Release|x86
		{DCF3CA07-B033-408A-84AC-A0B58ECAA820}.SingleImage|Mixed Platforms.Build.0 = Release|x86
		{DCF3CA07-B033-408A-84AC-A0B58ECAA820}.SingleImage|x86.ActiveCfg = Release|x86
		{DCF3CA07-B033-408A-84AC-A0B58ECAA820}.SingleImage|x86.Build.0 = Release|x86
		{DCF3CA07-B033-408A-84AC-A0B58ECAA820}.Web|Any CPU.ActiveCfg = Release|x86
		{DCF3CA07-B033-408A-84AC-A0B58ECAA820}.Web|Mixed Platforms.ActiveCfg = Release|x86
		{DCF3CA07-B033-408A-84AC-A0B58ECAA820}.Web|Mixed Platforms.Build.0 = Release|x86
		{DCF3CA07-B033-408A-84AC-A0B58ECAA820}.Web|x86.ActiveCfg = Release|x86
		{DCF3CA07-B033-408A-84AC-A0B58ECAA820}.Web|x86.Build.0 = Release|x86
		{7ED3EE12-7C74-42E4-8ECC-A765B1E6147F}.CD_ROM|Any CPU.ActiveCfg = Release|x86
		{7ED3EE12-7C74-42E4-8ECC-A765B1E6147F}.CD_ROM|Mixed Platforms.ActiveCfg = Release|x86
		{7ED3EE12-7C74-42E4-8ECC-A765B1E6147F}.CD_ROM|Mixed Platforms.Build.0 = Release|x86
		{7ED3EE12-7C74-42E4-8ECC-A765B1E6147F}.CD_ROM|x86.ActiveCfg = Release|x86
		{7ED3EE12-7C74-42E4-8ECC-A765B1E6147F}.CD_ROM|x86.Build.0 = Release|x86
		{7ED3EE12-7C74-42E4-8ECC-A765B1E6147F}.Debug|Any CPU.ActiveCfg = Debug|x86
		{7ED3EE12-7C74-42E4-8ECC-A765B1E6147F}.Debug|Mixed Platforms.ActiveCfg = Debug|x86
		{7ED3EE12-7C74-42E4-8ECC-A765B1E6147F}.Debug|x86.ActiveCfg = Debug|x86
		{7ED3EE12-7C74-42E4-8ECC-A765B1E6147F}.Debug|x86.Build.0 = Debug|x86
		{7ED3EE12-7C74-42E4-8ECC-A765B1E6147F}.DVD-5|Any CPU.ActiveCfg = Debug|x86
		{7ED3EE12-7C74-42E4-8ECC-A765B1E6147F}.DVD-5|Mixed Platforms.ActiveCfg = Debug|x86
		{7ED3EE12-7C74-42E4-8ECC-A765B1E6147F}.DVD-5|Mixed Platforms.Build.0 = Debug|x86
		{7ED3EE12-7C74-42E4-8ECC-A765B1E6147F}.DVD-5|x86.ActiveCfg = Debug|x86
		{7ED3EE12-7C74-42E4-8ECC-A765B1E6147F}.DVD-5|x86.Build.0 = Debug|x86
		{7ED3EE12-7C74-42E4-8ECC-A765B1E6147F}.Release|Any CPU.ActiveCfg = Release|x86
		{7ED3EE12-7C74-42E4-8ECC-A765B1E6147F}.Release|Any CPU.Build.0 = Release|x86
		{7ED3EE12-7C74-42E4-8ECC-A765B1E6147F}.Release|Mixed Platforms.ActiveCfg = Release|x86
		{7ED3EE12-7C74-42E4-8ECC-A765B1E6147F}.Release|Mixed Platforms.Build.0 = Release|x86
		{7ED3EE12-7C74-42E4-8ECC-A765B1E6147F}.Release|x86.ActiveCfg = Release|x86
		{7ED3EE12-7C74-42E4-8ECC-A765B1E6147F}.Release|x86.Build.0 = Release|x86
		{7ED3EE12-7C74-42E4-8ECC-A765B1E6147F}.SingleImage|Any CPU.ActiveCfg = Release|x86
		{7ED3EE12-7C74-42E4-8ECC-A765B1E6147F}.SingleImage|Mixed Platforms.ActiveCfg = Release|x86
		{7ED3EE12-7C74-42E4-8ECC-A765B1E6147F}.SingleImage|Mixed Platforms.Build.0 = Release|x86
		{7ED3EE12-7C74-42E4-8ECC-A765B1E6147F}.SingleImage|x86.ActiveCfg = Release|x86
		{7ED3EE12-7C74-42E4-8ECC-A765B1E6147F}.SingleImage|x86.Build.0 = Release|x86
		{7ED3EE12-7C74-42E4-8ECC-A765B1E6147F}.Web|Any CPU.ActiveCfg = Release|x86
		{7ED3EE12-7C74-42E4-8ECC-A765B1E6147F}.Web|Mixed Platforms.ActiveCfg = Release|x86
		{7ED3EE12-7C74-42E4-8ECC-A765B1E6147F}.Web|Mixed Platforms.Build.0 = Release|x86
		{7ED3EE12-7C74-42E4-8ECC-A765B1E6147F}.Web|x86.ActiveCfg = Release|x86
		{7ED3EE12-7C74-42E4-8ECC-A765B1E6147F}.Web|x86.Build.0 = Release|x86
	EndGlobalSection
	GlobalSection(SolutionProperties) = preSolution
		HideSolutionNode = FALSE
	EndGlobalSection
	GlobalSection(NestedProjects) = preSolution
		{6664F405-F93C-468D-BEC5-954A2D18249A} = {46775794-6136-430D-8802-219570D5A9F2}
		{A621FB4F-02E8-4A84-8E8F-17E2D4FADD4A} = {46775794-6136-430D-8802-219570D5A9F2}
		{A51753D0-4E39-4116-9AD6-A184951797E6} = {46775794-6136-430D-8802-219570D5A9F2}
		{AF9627CB-EB12-44AC-98DE-7F78CE8D60F8} = {46775794-6136-430D-8802-219570D5A9F2}
		{DFDFFDD9-D36C-4D70-A963-E168228CA9B3} = {46775794-6136-430D-8802-219570D5A9F2}
		{F765B242-D09B-49F5-A97B-433F547287A5} = {46775794-6136-430D-8802-219570D5A9F2}
		{7ABDD9A6-4FAC-420B-8A3C-9E8B7506FD55} = {66152284-8C50-495F-ACA4-BB39B97C23AB}
		{D72703AC-4387-49EA-99D8-9046CE9E0595} = {66152284-8C50-495F-ACA4-BB39B97C23AB}
		{7ED3EE12-7C74-42E4-8ECC-A765B1E6147F} = {250FB9B2-BA78-4D59-AD02-A6CFC386E867}
		{DCF3CA07-B033-408A-84AC-A0B58ECAA820} = {250FB9B2-BA78-4D59-AD02-A6CFC386E867}
	EndGlobalSection
EndGlobal
